
Microsoft Visual Studio Solution File, Format Version 12.00
# Visual Studio Version 16
VisualStudioVersion = 16.0.30011.22
MinimumVisualStudioVersion = 10.0.40219.1
Project("{FAE04EC0-301F-11D3-BF4B-00C04F79EFBC}") = "GenerarCodigoBarras", "GenerarCodigoBarras\GenerarCodigoBarras.csproj", "{9C1A35C9-0281-416A-89B4-685921DF7B7C}"
EndProject
Project("{FAE04EC0-301F-11D3-BF4B-00C04F79EFBC}") = "PrintImage", "PrintImage\PrintImage.csproj", "{D1A6907A-F09C-4153-A3B4-C80F1BEE07CA}"
EndProject
Global
	GlobalSection(SolutionConfigurationPlatforms) = preSolution
		Debug|Any CPU = Debug|Any CPU
		Release|Any CPU = Release|Any CPU
	EndGlobalSection
	GlobalSection(ProjectConfigurationPlatforms) = postSolution
		{9C1A35C9-0281-416A-89B4-685921DF7B7C}.Debug|Any CPU.ActiveCfg = Debug|Any CPU
		{9C1A35C9-0281-416A-89B4-685921DF7B7C}.Debug|Any CPU.Build.0 = Debug|Any CPU
		{9C1A35C9-0281-416A-89B4-685921DF7B7C}.Release|Any CPU.ActiveCfg = Release|Any CPU
		{9C1A35C9-0281-416A-89B4-685921DF7B7C}.Release|Any CPU.Build.0 = Release|Any CPU
		{D1A6907A-F09C-4153-A3B4-C80F1BEE07CA}.Debug|Any CPU.ActiveCfg = Debug|Any CPU
		{D1A6907A-F09C-4153-A3B4-C80F1BEE07CA}.Debug|Any CPU.Build.0 = Debug|Any CPU
		{D1A6907A-F09C-4153-A3B4-C80F1BEE07CA}.Release|Any CPU.ActiveCfg = Release|Any CPU
		{D1A6907A-F09C-4153-A3B4-C80F1BEE07CA}.Release|Any CPU.Build.0 = Release|Any CPU
	EndGlobalSection
	GlobalSection(SolutionProperties) = preSolution
		HideSolutionNode = FALSE
	EndGlobalSection
	GlobalSection(ExtensibilityGlobals) = postSolution
		SolutionGuid = {2DF7D753-67BB-4E27-B726-989483E24911}
	EndGlobalSection
EndGlobal
